
Microsoft Visual Studio Solution File, Format Version 12.00
# Visual Studio Version 16
VisualStudioVersion = 16.0.30517.126
MinimumVisualStudioVersion = 10.0.40219.1
Project("{9A19103F-16F7-4668-BE54-9A1E7A4F7556}") = "HBSIS_Padawan.Sistema.Boletim.API", "HBSIS_Padawan.Sistema.Boletim.API\HBSIS_Padawan.Sistema.Boletim.API.csproj", "{A1259BA0-43A3-4154-B6C0-CBF732E6AEC2}"
EndProject
Project("{9A19103F-16F7-4668-BE54-9A1E7A4F7556}") = "HBSIS_Padawan.Sistema.Boletim.Models", "HBSIS_Padawan.Sistema.Boletim.Models\HBSIS_Padawan.Sistema.Boletim.Models.csproj", "{B69ADC75-DF8F-40DA-B6EB-1F4659A76D21}"
EndProject
Project("{9A19103F-16F7-4668-BE54-9A1E7A4F7556}") = "HBSIS_Padawan.Sistema.Boletim.Repositories", "HBSIS_Padawan.Sistema.Boletim.Repositories\HBSIS_Padawan.Sistema.Boletim.Repositories.csproj", "{2A31EDE6-ECC0-4249-877E-F8A9582C9920}"
EndProject
Project("{9A19103F-16F7-4668-BE54-9A1E7A4F7556}") = "HBSIS_Padawan.Sistema.Boletim.Tests", "HBSIS_Padawan.Sistema.Boletim.Tests\HBSIS_Padawan.Sistema.Boletim.Tests.csproj", "{928450F3-537F-4C8C-97B7-240797873B79}"
EndProject
Project("{9A19103F-16F7-4668-BE54-9A1E7A4F7556}") = "HBSIS_Padawan.Sistema.Boletim.Validations", "HBSIS_Padawan.Sistema.Boletim.Validations\HBSIS_Padawan.Sistema.Boletim.Validations.csproj", "{27D48171-8BDE-4C9C-9796-8D706C791F4A}"
EndProject
Project("{FAE04EC0-301F-11D3-BF4B-00C04F79EFBC}") = "HBSIS_Padawan.Sistema.Boletim.Util", "HBSIS_Padawan.Sistema.Boletim.Util\HBSIS_Padawan.Sistema.Boletim.Util.csproj", "{BFAEAB79-0A32-4C62-A717-23AED30D9622}"
EndProject
Global
	GlobalSection(SolutionConfigurationPlatforms) = preSolution
		Debug|Any CPU = Debug|Any CPU
		Release|Any CPU = Release|Any CPU
	EndGlobalSection
	GlobalSection(ProjectConfigurationPlatforms) = postSolution
		{A1259BA0-43A3-4154-B6C0-CBF732E6AEC2}.Debug|Any CPU.ActiveCfg = Debug|Any CPU
		{A1259BA0-43A3-4154-B6C0-CBF732E6AEC2}.Debug|Any CPU.Build.0 = Debug|Any CPU
		{A1259BA0-43A3-4154-B6C0-CBF732E6AEC2}.Release|Any CPU.ActiveCfg = Release|Any CPU
		{A1259BA0-43A3-4154-B6C0-CBF732E6AEC2}.Release|Any CPU.Build.0 = Release|Any CPU
		{B69ADC75-DF8F-40DA-B6EB-1F4659A76D21}.Debug|Any CPU.ActiveCfg = Debug|Any CPU
		{B69ADC75-DF8F-40DA-B6EB-1F4659A76D21}.Debug|Any CPU.Build.0 = Debug|Any CPU
		{B69ADC75-DF8F-40DA-B6EB-1F4659A76D21}.Release|Any CPU.ActiveCfg = Release|Any CPU
		{B69ADC75-DF8F-40DA-B6EB-1F4659A76D21}.Release|Any CPU.Build.0 = Release|Any CPU
		{2A31EDE6-ECC0-4249-877E-F8A9582C9920}.Debug|Any CPU.ActiveCfg = Debug|Any CPU
		{2A31EDE6-ECC0-4249-877E-F8A9582C9920}.Debug|Any CPU.Build.0 = Debug|Any CPU
		{2A31EDE6-ECC0-4249-877E-F8A9582C9920}.Release|Any CPU.ActiveCfg = Release|Any CPU
		{2A31EDE6-ECC0-4249-877E-F8A9582C9920}.Release|Any CPU.Build.0 = Release|Any CPU
		{928450F3-537F-4C8C-97B7-240797873B79}.Debug|Any CPU.ActiveCfg = Debug|Any CPU
		{928450F3-537F-4C8C-97B7-240797873B79}.Debug|Any CPU.Build.0 = Debug|Any CPU
		{928450F3-537F-4C8C-97B7-240797873B79}.Release|Any CPU.ActiveCfg = Release|Any CPU
		{928450F3-537F-4C8C-97B7-240797873B79}.Release|Any CPU.Build.0 = Release|Any CPU
		{27D48171-8BDE-4C9C-9796-8D706C791F4A}.Debug|Any CPU.ActiveCfg = Debug|Any CPU
		{27D48171-8BDE-4C9C-9796-8D706C791F4A}.Debug|Any CPU.Build.0 = Debug|Any CPU
		{27D48171-8BDE-4C9C-9796-8D706C791F4A}.Release|Any CPU.ActiveCfg = Release|Any CPU
		{27D48171-8BDE-4C9C-9796-8D706C791F4A}.Release|Any CPU.Build.0 = Release|Any CPU
		{BFAEAB79-0A32-4C62-A717-23AED30D9622}.Debug|Any CPU.ActiveCfg = Debug|Any CPU
		{BFAEAB79-0A32-4C62-A717-23AED30D9622}.Debug|Any CPU.Build.0 = Debug|Any CPU
		{BFAEAB79-0A32-4C62-A717-23AED30D9622}.Release|Any CPU.ActiveCfg = Release|Any CPU
		{BFAEAB79-0A32-4C62-A717-23AED30D9622}.Release|Any CPU.Build.0 = Release|Any CPU
	EndGlobalSection
	GlobalSection(SolutionProperties) = preSolution
		HideSolutionNode = FALSE
	EndGlobalSection
	GlobalSection(ExtensibilityGlobals) = postSolution
		SolutionGuid = {D428D000-64CF-4301-A6DC-A5172F041C0F}
	EndGlobalSection
EndGlobal
